// !$*UTF8*$!
{
	archiveVersion = 1;
	classes = {
	};
	objectVersion = 56;
	objects = {

/* Begin PBXBuildFile section */
		7B5902572BCD329E006AA646 /* AppDelegate.swift in Sources */ = {isa = PBXBuildFile; fileRef = 7B5902562BCD329E006AA646 /* AppDelegate.swift */; };
		7B5902592BCD329E006AA646 /* SceneDelegate.swift in Sources */ = {isa = PBXBuildFile; fileRef = 7B5902582BCD329E006AA646 /* SceneDelegate.swift */; };
		7B59025B2BCD329E006AA646 /* ViewController.swift in Sources */ = {isa = PBXBuildFile; fileRef = 7B59025A2BCD329E006AA646 /* ViewController.swift */; };
		7B59025E2BCD329E006AA646 /* Main.storyboard in Resources */ = {isa = PBXBuildFile; fileRef = 7B59025C2BCD329E006AA646 /* Main.storyboard */; };
		7B5902602BCD32A0006AA646 /* Assets.xcassets in Resources */ = {isa = PBXBuildFile; fileRef = 7B59025F2BCD32A0006AA646 /* Assets.xcassets */; };
		7B5902632BCD32A0006AA646 /* LaunchScreen.storyboard in Resources */ = {isa = PBXBuildFile; fileRef = 7B5902612BCD32A0006AA646 /* LaunchScreen.storyboard */; };
		7B59026B2BCE1743006AA646 /* RemoteProduct.swift in Sources */ = {isa = PBXBuildFile; fileRef = 7B59026A2BCE1743006AA646 /* RemoteProduct.swift */; };
		7B59026F2BCE20B3006AA646 /* Model.xcdatamodeld in Sources */ = {isa = PBXBuildFile; fileRef = 7B59026D2BCE20B3006AA646 /* Model.xcdatamodeld */; };
		7B5902792BCE47D6006AA646 /* WishListViewController.swift in Sources */ = {isa = PBXBuildFile; fileRef = 7B5902782BCE47D6006AA646 /* WishListViewController.swift */; };
/* End PBXBuildFile section */

/* Begin PBXFileReference section */
		7B5902532BCD329E006AA646 /* wishList.app */ = {isa = PBXFileReference; explicitFileType = wrapper.application; includeInIndex = 0; path = wishList.app; sourceTree = BUILT_PRODUCTS_DIR; };
		7B5902562BCD329E006AA646 /* AppDelegate.swift */ = {isa = PBXFileReference; lastKnownFileType = sourcecode.swift; path = AppDelegate.swift; sourceTree = "<group>"; };
		7B5902582BCD329E006AA646 /* SceneDelegate.swift */ = {isa = PBXFileReference; lastKnownFileType = sourcecode.swift; path = SceneDelegate.swift; sourceTree = "<group>"; };
		7B59025A2BCD329E006AA646 /* ViewController.swift */ = {isa = PBXFileReference; lastKnownFileType = sourcecode.swift; path = ViewController.swift; sourceTree = "<group>"; };
		7B59025D2BCD329E006AA646 /* Base */ = {isa = PBXFileReference; lastKnownFileType = file.storyboard; name = Base; path = Base.lproj/Main.storyboard; sourceTree = "<group>"; };
		7B59025F2BCD32A0006AA646 /* Assets.xcassets */ = {isa = PBXFileReference; lastKnownFileType = folder.assetcatalog; path = Assets.xcassets; sourceTree = "<group>"; };
		7B5902622BCD32A0006AA646 /* Base */ = {isa = PBXFileReference; lastKnownFileType = file.storyboard; name = Base; path = Base.lproj/LaunchScreen.storyboard; sourceTree = "<group>"; };
		7B5902642BCD32A0006AA646 /* Info.plist */ = {isa = PBXFileReference; lastKnownFileType = text.plist.xml; path = Info.plist; sourceTree = "<group>"; };
		7B59026A2BCE1743006AA646 /* RemoteProduct.swift */ = {isa = PBXFileReference; lastKnownFileType = sourcecode.swift; path = RemoteProduct.swift; sourceTree = "<group>"; };
		7B59026E2BCE20B3006AA646 /* Model.xcdatamodel */ = {isa = PBXFileReference; lastKnownFileType = wrapper.xcdatamodel; path = Model.xcdatamodel; sourceTree = "<group>"; };
		7B5902782BCE47D6006AA646 /* WishListViewController.swift */ = {isa = PBXFileReference; lastKnownFileType = sourcecode.swift; path = WishListViewController.swift; sourceTree = "<group>"; };
/* End PBXFileReference section */

/* Begin PBXFrameworksBuildPhase section */
		7B5902502BCD329E006AA646 /* Frameworks */ = {
			isa = PBXFrameworksBuildPhase;
			buildActionMask = 2147483647;
			files = (
			);
			runOnlyForDeploymentPostprocessing = 0;
		};
/* End PBXFrameworksBuildPhase section */

/* Begin PBXGroup section */
		7B59024A2BCD329E006AA646 = {
			isa = PBXGroup;
			children = (
				7B5902552BCD329E006AA646 /* 위시리스트_숙련 */,
				7B5902542BCD329E006AA646 /* Products */,
			);
			sourceTree = "<group>";
		};
		7B5902542BCD329E006AA646 /* Products */ = {
			isa = PBXGroup;
			children = (
				7B5902532BCD329E006AA646 /* wishList.app */,
			);
			name = Products;
			sourceTree = "<group>";
		};
		7B5902552BCD329E006AA646 /* 위시리스트_숙련 */ = {
			isa = PBXGroup;
			children = (
				7B59026C2BCE176F006AA646 /* Model */,
				7B5902562BCD329E006AA646 /* AppDelegate.swift */,
				7B5902582BCD329E006AA646 /* SceneDelegate.swift */,
				7B59025A2BCD329E006AA646 /* ViewController.swift */,
				7B59025C2BCD329E006AA646 /* Main.storyboard */,
				7B5902782BCE47D6006AA646 /* WishListViewController.swift */,
				7B59025F2BCD32A0006AA646 /* Assets.xcassets */,
				7B5902612BCD32A0006AA646 /* LaunchScreen.storyboard */,
				7B5902642BCD32A0006AA646 /* Info.plist */,
				7B59026D2BCE20B3006AA646 /* Model.xcdatamodeld */,
			);
			path = "위시리스트_숙련";
			sourceTree = "<group>";
		};
		7B59026C2BCE176F006AA646 /* Model */ = {
			isa = PBXGroup;
			children = (
				7B59026A2BCE1743006AA646 /* RemoteProduct.swift */,
			);
			path = Model;
			sourceTree = "<group>";
		};
/* End PBXGroup section */

/* Begin PBXNativeTarget section */
		7B5902522BCD329E006AA646 /* wishList */ = {
			isa = PBXNativeTarget;
			buildConfigurationList = 7B5902672BCD32A0006AA646 /* Build configuration list for PBXNativeTarget "wishList" */;
			buildPhases = (
				7B59024F2BCD329E006AA646 /* Sources */,
				7B5902502BCD329E006AA646 /* Frameworks */,
				7B5902512BCD329E006AA646 /* Resources */,
			);
			buildRules = (
			);
			dependencies = (
			);
			name = wishList;
			productName = "위시리스트_숙련";
			productReference = 7B5902532BCD329E006AA646 /* wishList.app */;
			productType = "com.apple.product-type.application";
		};
/* End PBXNativeTarget section */

/* Begin PBXProject section */
		7B59024B2BCD329E006AA646 /* Project object */ = {
			isa = PBXProject;
			attributes = {
				BuildIndependentTargetsInParallel = 1;
				LastSwiftUpdateCheck = 1520;
				LastUpgradeCheck = 1520;
				TargetAttributes = {
					7B5902522BCD329E006AA646 = {
						CreatedOnToolsVersion = 15.2;
					};
				};
			};
			buildConfigurationList = 7B59024E2BCD329E006AA646 /* Build configuration list for PBXProject "위시리스트_숙련" */;
			compatibilityVersion = "Xcode 14.0";
			developmentRegion = en;
			hasScannedForEncodings = 0;
			knownRegions = (
				en,
				Base,
			);
			mainGroup = 7B59024A2BCD329E006AA646;
			productRefGroup = 7B5902542BCD329E006AA646 /* Products */;
			projectDirPath = "";
			projectRoot = "";
			targets = (
				7B5902522BCD329E006AA646 /* wishList */,
			);
		};
/* End PBXProject section */

/* Begin PBXResourcesBuildPhase section */
		7B5902512BCD329E006AA646 /* Resources */ = {
			isa = PBXResourcesBuildPhase;
			buildActionMask = 2147483647;
			files = (
				7B5902632BCD32A0006AA646 /* LaunchScreen.storyboard in Resources */,
				7B5902602BCD32A0006AA646 /* Assets.xcassets in Resources */,
				7B59025E2BCD329E006AA646 /* Main.storyboard in Resources */,
			);
			runOnlyForDeploymentPostprocessing = 0;
		};
/* End PBXResourcesBuildPhase section */

/* Begin PBXSourcesBuildPhase section */
		7B59024F2BCD329E006AA646 /* Sources */ = {
			isa = PBXSourcesBuildPhase;
			buildActionMask = 2147483647;
			files = (
				7B59025B2BCD329E006AA646 /* ViewController.swift in Sources */,
				7B5902792BCE47D6006AA646 /* WishListViewController.swift in Sources */,
				7B5902572BCD329E006AA646 /* AppDelegate.swift in Sources */,
				7B59026F2BCE20B3006AA646 /* Model.xcdatamodeld in Sources */,
				7B5902592BCD329E006AA646 /* SceneDelegate.swift in Sources */,
				7B59026B2BCE1743006AA646 /* RemoteProduct.swift in Sources */,
			);
			runOnlyForDeploymentPostprocessing = 0;
		};
/* End PBXSourcesBuildPhase section */

/* Begin PBXVariantGroup section */
		7B59025C2BCD329E006AA646 /* Main.storyboard */ = {
			isa = PBXVariantGroup;
			children = (
				7B59025D2BCD329E006AA646 /* Base */,
			);
			name = Main.storyboard;
			sourceTree = "<group>";
		};
		7B5902612BCD32A0006AA646 /* LaunchScreen.storyboard */ = {
			isa = PBXVariantGroup;
			children = (
				7B5902622BCD32A0006AA646 /* Base */,
			);
			name = LaunchScreen.storyboard;
			sourceTree = "<group>";
		};
/* End PBXVariantGroup section */

/* Begin XCBuildConfiguration section */
		7B5902652BCD32A0006AA646 /* Debug */ = {
			isa = XCBuildConfiguration;
			buildSettings = {
				ALWAYS_SEARCH_USER_PATHS = NO;
				ASSETCATALOG_COMPILER_GENERATE_SWIFT_ASSET_SYMBOL_EXTENSIONS = YES;
				CLANG_ANALYZER_NONNULL = YES;
				CLANG_ANALYZER_NUMBER_OBJECT_CONVERSION = YES_AGGRESSIVE;
				CLANG_CXX_LANGUAGE_STANDARD = "gnu++20";
				CLANG_ENABLE_MODULES = YES;
				CLANG_ENABLE_OBJC_ARC = YES;
				CLANG_ENABLE_OBJC_WEAK = YES;
				CLANG_WARN_BLOCK_CAPTURE_AUTORELEASING = YES;
				CLANG_WARN_BOOL_CONVERSION = YES;
				CLANG_WARN_COMMA = YES;
				CLANG_WARN_CONSTANT_CONVERSION = YES;
				CLANG_WARN_DEPRECATED_OBJC_IMPLEMENTATIONS = YES;
				CLANG_WARN_DIRECT_OBJC_ISA_USAGE = YES_ERROR;
				CLANG_WARN_DOCUMENTATION_COMMENTS = YES;
				CLANG_WARN_EMPTY_BODY = YES;
				CLANG_WARN_ENUM_CONVERSION = YES;
				CLANG_WARN_INFINITE_RECURSION = YES;
				CLANG_WARN_INT_CONVERSION = YES;
				CLANG_WARN_NON_LITERAL_NULL_CONVERSION = YES;
				CLANG_WARN_OBJC_IMPLICIT_RETAIN_SELF = YES;
				CLANG_WARN_OBJC_LITERAL_CONVERSION = YES;
				CLANG_WARN_OBJC_ROOT_CLASS = YES_ERROR;
				CLANG_WARN_QUOTED_INCLUDE_IN_FRAMEWORK_HEADER = YES;
				CLANG_WARN_RANGE_LOOP_ANALYSIS = YES;
				CLANG_WARN_STRICT_PROTOTYPES = YES;
				CLANG_WARN_SUSPICIOUS_MOVE = YES;
				CLANG_WARN_UNGUARDED_AVAILABILITY = YES_AGGRESSIVE;
				CLANG_WARN_UNREACHABLE_CODE = YES;
				CLANG_WARN__DUPLICATE_METHOD_MATCH = YES;
				COPY_PHASE_STRIP = NO;
				DEBUG_INFORMATION_FORMAT = dwarf;
				ENABLE_STRICT_OBJC_MSGSEND = YES;
				ENABLE_TESTABILITY = YES;
				ENABLE_USER_SCRIPT_SANDBOXING = YES;
				GCC_C_LANGUAGE_STANDARD = gnu17;
				GCC_DYNAMIC_NO_PIC = NO;
				GCC_NO_COMMON_BLOCKS = YES;
				GCC_OPTIMIZATION_LEVEL = 0;
				GCC_PREPROCESSOR_DEFINITIONS = (
					"DEBUG=1",
					"$(inherited)",
				);
				GCC_WARN_64_TO_32_BIT_CONVERSION = YES;
				GCC_WARN_ABOUT_RETURN_TYPE = YES_ERROR;
				GCC_WARN_UNDECLARED_SELECTOR = YES;
				GCC_WARN_UNINITIALIZED_AUTOS = YES_AGGRESSIVE;
				GCC_WARN_UNUSED_FUNCTION = YES;
				GCC_WARN_UNUSED_VARIABLE = YES;
				IPHONEOS_DEPLOYMENT_TARGET = 17.2;
				LOCALIZATION_PREFERS_STRING_CATALOGS = YES;
				MTL_ENABLE_DEBUG_INFO = INCLUDE_SOURCE;
				MTL_FAST_MATH = YES;
				ONLY_ACTIVE_ARCH = YES;
				SDKROOT = iphoneos;
				SWIFT_ACTIVE_COMPILATION_CONDITIONS = "DEBUG $(inherited)";
				SWIFT_OPTIMIZATION_LEVEL = "-Onone";
			};
			name = Debug;
		};
		7B5902662BCD32A0006AA646 /* Release */ = {
			isa = XCBuildConfiguration;
			buildSettings = {
				ALWAYS_SEARCH_USER_PATHS = NO;
				ASSETCATALOG_COMPILER_GENERATE_SWIFT_ASSET_SYMBOL_EXTENSIONS = YES;
				CLANG_ANALYZER_NONNULL = YES;
				CLANG_ANALYZER_NUMBER_OBJECT_CONVERSION = YES_AGGRESSIVE;
				CLANG_CXX_LANGUAGE_STANDARD = "gnu++20";
				CLANG_ENABLE_MODULES = YES;
				CLANG_ENABLE_OBJC_ARC = YES;
				CLANG_ENABLE_OBJC_WEAK = YES;
				CLANG_WARN_BLOCK_CAPTURE_AUTORELEASING = YES;
				CLANG_WARN_BOOL_CONVERSION = YES;
				CLANG_WARN_COMMA = YES;
				CLANG_WARN_CONSTANT_CONVERSION = YES;
				CLANG_WARN_DEPRECATED_OBJC_IMPLEMENTATIONS = YES;
				CLANG_WARN_DIRECT_OBJC_ISA_USAGE = YES_ERROR;
				CLANG_WARN_DOCUMENTATION_COMMENTS = YES;
				CLANG_WARN_EMPTY_BODY = YES;
				CLANG_WARN_ENUM_CONVERSION = YES;
				CLANG_WARN_INFINITE_RECURSION = YES;
				CLANG_WARN_INT_CONVERSION = YES;
				CLANG_WARN_NON_LITERAL_NULL_CONVERSION = YES;
				CLANG_WARN_OBJC_IMPLICIT_RETAIN_SELF = YES;
				CLANG_WARN_OBJC_LITERAL_CONVERSION = YES;
				CLANG_WARN_OBJC_ROOT_CLASS = YES_ERROR;
				CLANG_WARN_QUOTED_INCLUDE_IN_FRAMEWORK_HEADER = YES;
				CLANG_WARN_RANGE_LOOP_ANALYSIS = YES;
				CLANG_WARN_STRICT_PROTOTYPES = YES;
				CLANG_WARN_SUSPICIOUS_MOVE = YES;
				CLANG_WARN_UNGUARDED_AVAILABILITY = YES_AGGRESSIVE;
				CLANG_WARN_UNREACHABLE_CODE = YES;
				CLANG_WARN__DUPLICATE_METHOD_MATCH = YES;
				COPY_PHASE_STRIP = NO;
				DEBUG_INFORMATION_FORMAT = "dwarf-with-dsym";
				ENABLE_NS_ASSERTIONS = NO;
				ENABLE_STRICT_OBJC_MSGSEND = YES;
				ENABLE_USER_SCRIPT_SANDBOXING = YES;
				GCC_C_LANGUAGE_STANDARD = gnu17;
				GCC_NO_COMMON_BLOCKS = YES;
				GCC_WARN_64_TO_32_BIT_CONVERSION = YES;
				GCC_WARN_ABOUT_RETURN_TYPE = YES_ERROR;
				GCC_WARN_UNDECLARED_SELECTOR = YES;
				GCC_WARN_UNINITIALIZED_AUTOS = YES_AGGRESSIVE;
				GCC_WARN_UNUSED_FUNCTION = YES;
				GCC_WARN_UNUSED_VARIABLE = YES;
				IPHONEOS_DEPLOYMENT_TARGET = 17.2;
				LOCALIZATION_PREFERS_STRING_CATALOGS = YES;
				MTL_ENABLE_DEBUG_INFO = NO;
				MTL_FAST_MATH = YES;
				SDKROOT = iphoneos;
				SWIFT_COMPILATION_MODE = wholemodule;
				VALIDATE_PRODUCT = YES;
			};
			name = Release;
		};
		7B5902682BCD32A0006AA646 /* Debug */ = {
			isa = XCBuildConfiguration;
			buildSettings = {
				ASSETCATALOG_COMPILER_APPICON_NAME = AppIcon;
				ASSETCATALOG_COMPILER_GLOBAL_ACCENT_COLOR_NAME = AccentColor;
				CODE_SIGN_STYLE = Automatic;
				CURRENT_PROJECT_VERSION = 1;
				DEVELOPMENT_TEAM = SL36RRHX95;
				GENERATE_INFOPLIST_FILE = YES;
				INFOPLIST_FILE = "위시리스트_숙련/Info.plist";
				INFOPLIST_KEY_UIApplicationSupportsIndirectInputEvents = YES;
				INFOPLIST_KEY_UILaunchStoryboardName = LaunchScreen;
				INFOPLIST_KEY_UIMainStoryboardFile = Main;
				INFOPLIST_KEY_UISupportedInterfaceOrientations_iPad = "UIInterfaceOrientationPortrait UIInterfaceOrientationPortraitUpsideDown UIInterfaceOrientationLandscapeLeft UIInterfaceOrientationLandscapeRight";
				INFOPLIST_KEY_UISupportedInterfaceOrientations_iPhone = "UIInterfaceOrientationPortrait UIInterfaceOrientationLandscapeLeft UIInterfaceOrientationLandscapeRight";
				LD_RUNPATH_SEARCH_PATHS = (
					"$(inherited)",
					"@executable_path/Frameworks",
				);
				MARKETING_VERSION = 1.0;
				PRODUCT_BUNDLE_IDENTIFIER = "sparta-standard.-----------------";
				PRODUCT_NAME = "$(TARGET_NAME)";
				SWIFT_EMIT_LOC_STRINGS = YES;
				SWIFT_VERSION = 5.0;
				TARGETED_DEVICE_FAMILY = "1,2";
			};
			name = Debug;
		};
		7B5902692BCD32A0006AA646 /* Release */ = {
			isa = XCBuildConfiguration;
			buildSettings = {
				ASSETCATALOG_COMPILER_APPICON_NAME = AppIcon;
				ASSETCATALOG_COMPILER_GLOBAL_ACCENT_COLOR_NAME = AccentColor;
				CODE_SIGN_STYLE = Automatic;
				CURRENT_PROJECT_VERSION = 1;
				DEVELOPMENT_TEAM = SL36RRHX95;
				GENERATE_INFOPLIST_FILE = YES;
				INFOPLIST_FILE = "위시리스트_숙련/Info.plist";
				INFOPLIST_KEY_UIApplicationSupportsIndirectInputEvents = YES;
				INFOPLIST_KEY_UILaunchStoryboardName = LaunchScreen;
				INFOPLIST_KEY_UIMainStoryboardFile = Main;
				INFOPLIST_KEY_UISupportedInterfaceOrientations_iPad = "UIInterfaceOrientationPortrait UIInterfaceOrientationPortraitUpsideDown UIInterfaceOrientationLandscapeLeft UIInterfaceOrientationLandscapeRight";
				INFOPLIST_KEY_UISupportedInterfaceOrientations_iPhone = "UIInterfaceOrientationPortrait UIInterfaceOrientationLandscapeLeft UIInterfaceOrientationLandscapeRight";
				LD_RUNPATH_SEARCH_PATHS = (
					"$(inherited)",
					"@executable_path/Frameworks",
				);
				MARKETING_VERSION = 1.0;
				PRODUCT_BUNDLE_IDENTIFIER = "sparta-standard.-----------------";
				PRODUCT_NAME = "$(TARGET_NAME)";
				SWIFT_EMIT_LOC_STRINGS = YES;
				SWIFT_VERSION = 5.0;
				TARGETED_DEVICE_FAMILY = "1,2";
			};
			name = Release;
		};
/* End XCBuildConfiguration section */

/* Begin XCConfigurationList section */
		7B59024E2BCD329E006AA646 /* Build configuration list for PBXProject "위시리스트_숙련" */ = {
			isa = XCConfigurationList;
			buildConfigurations = (
				7B5902652BCD32A0006AA646 /* Debug */,
				7B5902662BCD32A0006AA646 /* Release */,
			);
			defaultConfigurationIsVisible = 0;
			defaultConfigurationName = Release;
		};
		7B5902672BCD32A0006AA646 /* Build configuration list for PBXNativeTarget "wishList" */ = {
			isa = XCConfigurationList;
			buildConfigurations = (
				7B5902682BCD32A0006AA646 /* Debug */,
				7B5902692BCD32A0006AA646 /* Release */,
			);
			defaultConfigurationIsVisible = 0;
			defaultConfigurationName = Release;
		};
/* End XCConfigurationList section */

/* Begin XCVersionGroup section */
		7B59026D2BCE20B3006AA646 /* Model.xcdatamodeld */ = {
			isa = XCVersionGroup;
			children = (
				7B59026E2BCE20B3006AA646 /* Model.xcdatamodel */,
			);
			currentVersion = 7B59026E2BCE20B3006AA646 /* Model.xcdatamodel */;
			path = Model.xcdatamodeld;
			sourceTree = "<group>";
			versionGroupType = wrapper.xcdatamodel;
		};
/* End XCVersionGroup section */
	};
	rootObject = 7B59024B2BCD329E006AA646 /* Project object */;
}
